
Microsoft Visual Studio Solution File, Format Version 12.00
# Visual Studio Version 17
VisualStudioVersion = 17.0.31903.59
MinimumVisualStudioVersion = 10.0.40219.1
Project("{2150E333-8FDC-42A3-9474-1A3956D46DE8}") = "src", "src", "{827E0CD3-B72D-47B6-A68D-7590B98EB39B}"
EndProject
Project("{FAE04EC0-301F-11D3-BF4B-00C04F79EFBC}") = "Rome2Explorer.Domain", "src\Rome2Explorer.Domain\Rome2Explorer.Domain.csproj", "{3F8D80E3-7E85-4EFC-B1B3-AC94B1F35346}"
EndProject
Project("{FAE04EC0-301F-11D3-BF4B-00C04F79EFBC}") = "Rome2Explorer.Memory", "src\Rome2Explorer.Memory\Rome2Explorer.Memory.csproj", "{FF3E7AEA-DFDF-4E6C-927C-361E8D41077B}"
EndProject
Project("{FAE04EC0-301F-11D3-BF4B-00C04F79EFBC}") = "Rome2Explorer.Signatures", "src\Rome2Explorer.Signatures\Rome2Explorer.Signatures.csproj", "{A8461F9E-812F-4618-91AA-7076BFCEF6B3}"
EndProject
Project("{FAE04EC0-301F-11D3-BF4B-00C04F79EFBC}") = "Rome2Explorer.Validation", "src\Rome2Explorer.Validation\Rome2Explorer.Validation.csproj", "{CB404450-315A-49CF-89B4-3FD8236F52C7}"
EndProject
Project("{FAE04EC0-301F-11D3-BF4B-00C04F79EFBC}") = "Rome2Explorer.Trace", "src\Rome2Explorer.Trace\Rome2Explorer.Trace.csproj", "{47237072-CCB5-44D3-A205-330876387EC1}"
EndProject
Project("{FAE04EC0-301F-11D3-BF4B-00C04F79EFBC}") = "Rome2Explorer.Features", "src\Rome2Explorer.Features\Rome2Explorer.Features.csproj", "{3CDF175C-B17C-4185-95B4-66B575B9D5C0}"
EndProject
Project("{FAE04EC0-301F-11D3-BF4B-00C04F79EFBC}") = "Rome2Explorer.NativeBridge", "src\Rome2Explorer.NativeBridge\Rome2Explorer.NativeBridge.csproj", "{D6481A5B-FD84-4819-A8A7-D320C7791DB1}"
EndProject
Project("{2150E333-8FDC-42A3-9474-1A3956D46DE8}") = "tests", "tests", "{0AB3BF05-4346-4AA6-1389-037BE0695223}"
EndProject
Project("{FAE04EC0-301F-11D3-BF4B-00C04F79EFBC}") = "Rome2Explorer.Tests", "tests\Rome2Explorer.Tests\Rome2Explorer.Tests.csproj", "{CAC02448-97A5-4A51-BCD8-0E5E04F3A687}"
EndProject
Project("{FAE04EC0-301F-11D3-BF4B-00C04F79EFBC}") = "Rome2Explorer.App", "src\Rome2Explorer.App\Rome2Explorer.App.csproj", "{7B2F3F4A-AD58-4A9B-97EB-A5395FC94137}"
EndProject
Global
	GlobalSection(SolutionConfigurationPlatforms) = preSolution
		Debug|Any CPU = Debug|Any CPU
		Debug|x64 = Debug|x64
		Debug|x86 = Debug|x86
		Release|Any CPU = Release|Any CPU
		Release|x64 = Release|x64
		Release|x86 = Release|x86
	EndGlobalSection
	GlobalSection(ProjectConfigurationPlatforms) = postSolution
		{3F8D80E3-7E85-4EFC-B1B3-AC94B1F35346}.Debug|Any CPU.ActiveCfg = Debug|Any CPU
		{3F8D80E3-7E85-4EFC-B1B3-AC94B1F35346}.Debug|Any CPU.Build.0 = Debug|Any CPU
		{3F8D80E3-7E85-4EFC-B1B3-AC94B1F35346}.Debug|x64.ActiveCfg = Debug|Any CPU
		{3F8D80E3-7E85-4EFC-B1B3-AC94B1F35346}.Debug|x64.Build.0 = Debug|Any CPU
		{3F8D80E3-7E85-4EFC-B1B3-AC94B1F35346}.Debug|x86.ActiveCfg = Debug|Any CPU
		{3F8D80E3-7E85-4EFC-B1B3-AC94B1F35346}.Debug|x86.Build.0 = Debug|Any CPU
		{3F8D80E3-7E85-4EFC-B1B3-AC94B1F35346}.Release|Any CPU.ActiveCfg = Release|Any CPU
		{3F8D80E3-7E85-4EFC-B1B3-AC94B1F35346}.Release|Any CPU.Build.0 = Release|Any CPU
		{3F8D80E3-7E85-4EFC-B1B3-AC94B1F35346}.Release|x64.ActiveCfg = Release|Any CPU
		{3F8D80E3-7E85-4EFC-B1B3-AC94B1F35346}.Release|x64.Build.0 = Release|Any CPU
		{3F8D80E3-7E85-4EFC-B1B3-AC94B1F35346}.Release|x86.ActiveCfg = Release|Any CPU
		{3F8D80E3-7E85-4EFC-B1B3-AC94B1F35346}.Release|x86.Build.0 = Release|Any CPU
		{FF3E7AEA-DFDF-4E6C-927C-361E8D41077B}.Debug|Any CPU.ActiveCfg = Debug|Any CPU
		{FF3E7AEA-DFDF-4E6C-927C-361E8D41077B}.Debug|Any CPU.Build.0 = Debug|Any CPU
		{FF3E7AEA-DFDF-4E6C-927C-361E8D41077B}.Debug|x64.ActiveCfg = Debug|Any CPU
		{FF3E7AEA-DFDF-4E6C-927C-361E8D41077B}.Debug|x64.Build.0 = Debug|Any CPU
		{FF3E7AEA-DFDF-4E6C-927C-361E8D41077B}.Debug|x86.ActiveCfg = Debug|Any CPU
		{FF3E7AEA-DFDF-4E6C-927C-361E8D41077B}.Debug|x86.Build.0 = Debug|Any CPU
		{FF3E7AEA-DFDF-4E6C-927C-361E8D41077B}.Release|Any CPU.ActiveCfg = Release|Any CPU
		{FF3E7AEA-DFDF-4E6C-927C-361E8D41077B}.Release|Any CPU.Build.0 = Release|Any CPU
		{FF3E7AEA-DFDF-4E6C-927C-361E8D41077B}.Release|x64.ActiveCfg = Release|Any CPU
		{FF3E7AEA-DFDF-4E6C-927C-361E8D41077B}.Release|x64.Build.0 = Release|Any CPU
		{FF3E7AEA-DFDF-4E6C-927C-361E8D41077B}.Release|x86.ActiveCfg = Release|Any CPU
		{FF3E7AEA-DFDF-4E6C-927C-361E8D41077B}.Release|x86.Build.0 = Release|Any CPU
		{A8461F9E-812F-4618-91AA-7076BFCEF6B3}.Debug|Any CPU.ActiveCfg = Debug|Any CPU
		{A8461F9E-812F-4618-91AA-7076BFCEF6B3}.Debug|Any CPU.Build.0 = Debug|Any CPU
		{A8461F9E-812F-4618-91AA-7076BFCEF6B3}.Debug|x64.ActiveCfg = Debug|Any CPU
		{A8461F9E-812F-4618-91AA-7076BFCEF6B3}.Debug|x64.Build.0 = Debug|Any CPU
		{A8461F9E-812F-4618-91AA-7076BFCEF6B3}.Debug|x86.ActiveCfg = Debug|Any CPU
		{A8461F9E-812F-4618-91AA-7076BFCEF6B3}.Debug|x86.Build.0 = Debug|Any CPU
		{A8461F9E-812F-4618-91AA-7076BFCEF6B3}.Release|Any CPU.ActiveCfg = Release|Any CPU
		{A8461F9E-812F-4618-91AA-7076BFCEF6B3}.Release|Any CPU.Build.0 = Release|Any CPU
		{A8461F9E-812F-4618-91AA-7076BFCEF6B3}.Release|x64.ActiveCfg = Release|Any CPU
		{A8461F9E-812F-4618-91AA-7076BFCEF6B3}.Release|x64.Build.0 = Release|Any CPU
		{A8461F9E-812F-4618-91AA-7076BFCEF6B3}.Release|x86.ActiveCfg = Release|Any CPU
		{A8461F9E-812F-4618-91AA-7076BFCEF6B3}.Release|x86.Build.0 = Release|Any CPU
		{CB404450-315A-49CF-89B4-3FD8236F52C7}.Debug|Any CPU.ActiveCfg = Debug|Any CPU
		{CB404450-315A-49CF-89B4-3FD8236F52C7}.Debug|Any CPU.Build.0 = Debug|Any CPU
		{CB404450-315A-49CF-89B4-3FD8236F52C7}.Debug|x64.ActiveCfg = Debug|Any CPU
		{CB404450-315A-49CF-89B4-3FD8236F52C7}.Debug|x64.Build.0 = Debug|Any CPU
		{CB404450-315A-49CF-89B4-3FD8236F52C7}.Debug|x86.ActiveCfg = Debug|Any CPU
		{CB404450-315A-49CF-89B4-3FD8236F52C7}.Debug|x86.Build.0 = Debug|Any CPU
		{CB404450-315A-49CF-89B4-3FD8236F52C7}.Release|Any CPU.ActiveCfg = Release|Any CPU
		{CB404450-315A-49CF-89B4-3FD8236F52C7}.Release|Any CPU.Build.0 = Release|Any CPU
		{CB404450-315A-49CF-89B4-3FD8236F52C7}.Release|x64.ActiveCfg = Release|Any CPU
		{CB404450-315A-49CF-89B4-3FD8236F52C7}.Release|x64.Build.0 = Release|Any CPU
		{CB404450-315A-49CF-89B4-3FD8236F52C7}.Release|x86.ActiveCfg = Release|Any CPU
		{CB404450-315A-49CF-89B4-3FD8236F52C7}.Release|x86.Build.0 = Release|Any CPU
		{47237072-CCB5-44D3-A205-330876387EC1}.Debug|Any CPU.ActiveCfg = Debug|Any CPU
		{47237072-CCB5-44D3-A205-330876387EC1}.Debug|Any CPU.Build.0 = Debug|Any CPU
		{47237072-CCB5-44D3-A205-330876387EC1}.Debug|x64.ActiveCfg = Debug|Any CPU
		{47237072-CCB5-44D3-A205-330876387EC1}.Debug|x64.Build.0 = Debug|Any CPU
		{47237072-CCB5-44D3-A205-330876387EC1}.Debug|x86.ActiveCfg = Debug|Any CPU
		{47237072-CCB5-44D3-A205-330876387EC1}.Debug|x86.Build.0 = Debug|Any CPU
		{47237072-CCB5-44D3-A205-330876387EC1}.Release|Any CPU.ActiveCfg = Release|Any CPU
		{47237072-CCB5-44D3-A205-330876387EC1}.Release|Any CPU.Build.0 = Release|Any CPU
		{47237072-CCB5-44D3-A205-330876387EC1}.Release|x64.ActiveCfg = Release|Any CPU
		{47237072-CCB5-44D3-A205-330876387EC1}.Release|x64.Build.0 = Release|Any CPU
		{47237072-CCB5-44D3-A205-330876387EC1}.Release|x86.ActiveCfg = Release|Any CPU
		{47237072-CCB5-44D3-A205-330876387EC1}.Release|x86.Build.0 = Release|Any CPU
		{3CDF175C-B17C-4185-95B4-66B575B9D5C0}.Debug|Any CPU.ActiveCfg = Debug|Any CPU
		{3CDF175C-B17C-4185-95B4-66B575B9D5C0}.Debug|Any CPU.Build.0 = Debug|Any CPU
		{3CDF175C-B17C-4185-95B4-66B575B9D5C0}.Debug|x64.ActiveCfg = Debug|Any CPU
		{3CDF175C-B17C-4185-95B4-66B575B9D5C0}.Debug|x64.Build.0 = Debug|Any CPU
		{3CDF175C-B17C-4185-95B4-66B575B9D5C0}.Debug|x86.ActiveCfg = Debug|Any CPU
		{3CDF175C-B17C-4185-95B4-66B575B9D5C0}.Debug|x86.Build.0 = Debug|Any CPU
		{3CDF175C-B17C-4185-95B4-66B575B9D5C0}.Release|Any CPU.ActiveCfg = Release|Any CPU
		{3CDF175C-B17C-4185-95B4-66B575B9D5C0}.Release|Any CPU.Build.0 = Release|Any CPU
		{3CDF175C-B17C-4185-95B4-66B575B9D5C0}.Release|x64.ActiveCfg = Release|Any CPU
		{3CDF175C-B17C-4185-95B4-66B575B9D5C0}.Release|x64.Build.0 = Release|Any CPU
		{3CDF175C-B17C-4185-95B4-66B575B9D5C0}.Release|x86.ActiveCfg = Release|Any CPU
		{3CDF175C-B17C-4185-95B4-66B575B9D5C0}.Release|x86.Build.0 = Release|Any CPU
		{D6481A5B-FD84-4819-A8A7-D320C7791DB1}.Debug|Any CPU.ActiveCfg = Debug|Any CPU
		{D6481A5B-FD84-4819-A8A7-D320C7791DB1}.Debug|Any CPU.Build.0 = Debug|Any CPU
		{D6481A5B-FD84-4819-A8A7-D320C7791DB1}.Debug|x64.ActiveCfg = Debug|Any CPU
		{D6481A5B-FD84-4819-A8A7-D320C7791DB1}.Debug|x64.Build.0 = Debug|Any CPU
		{D6481A5B-FD84-4819-A8A7-D320C7791DB1}.Debug|x86.ActiveCfg = Debug|Any CPU
		{D6481A5B-FD84-4819-A8A7-D320C7791DB1}.Debug|x86.Build.0 = Debug|Any CPU
		{D6481A5B-FD84-4819-A8A7-D320C7791DB1}.Release|Any CPU.ActiveCfg = Release|Any CPU
		{D6481A5B-FD84-4819-A8A7-D320C7791DB1}.Release|Any CPU.Build.0 = Release|Any CPU
		{D6481A5B-FD84-4819-A8A7-D320C7791DB1}.Release|x64.ActiveCfg = Release|Any CPU
		{D6481A5B-FD84-4819-A8A7-D320C7791DB1}.Release|x64.Build.0 = Release|Any CPU
		{D6481A5B-FD84-4819-A8A7-D320C7791DB1}.Release|x86.ActiveCfg = Release|Any CPU
		{D6481A5B-FD84-4819-A8A7-D320C7791DB1}.Release|x86.Build.0 = Release|Any CPU
		{CAC02448-97A5-4A51-BCD8-0E5E04F3A687}.Debug|Any CPU.ActiveCfg = Debug|Any CPU
		{CAC02448-97A5-4A51-BCD8-0E5E04F3A687}.Debug|Any CPU.Build.0 = Debug|Any CPU
		{CAC02448-97A5-4A51-BCD8-0E5E04F3A687}.Debug|x64.ActiveCfg = Debug|Any CPU
		{CAC02448-97A5-4A51-BCD8-0E5E04F3A687}.Debug|x64.Build.0 = Debug|Any CPU
		{CAC02448-97A5-4A51-BCD8-0E5E04F3A687}.Debug|x86.ActiveCfg = Debug|Any CPU
		{CAC02448-97A5-4A51-BCD8-0E5E04F3A687}.Debug|x86.Build.0 = Debug|Any CPU
		{CAC02448-97A5-4A51-BCD8-0E5E04F3A687}.Release|Any CPU.ActiveCfg = Release|Any CPU
		{CAC02448-97A5-4A51-BCD8-0E5E04F3A687}.Release|Any CPU.Build.0 = Release|Any CPU
		{CAC02448-97A5-4A51-BCD8-0E5E04F3A687}.Release|x64.ActiveCfg = Release|Any CPU
		{CAC02448-97A5-4A51-BCD8-0E5E04F3A687}.Release|x64.Build.0 = Release|Any CPU
		{CAC02448-97A5-4A51-BCD8-0E5E04F3A687}.Release|x86.ActiveCfg = Release|Any CPU
		{CAC02448-97A5-4A51-BCD8-0E5E04F3A687}.Release|x86.Build.0 = Release|Any CPU
		{7B2F3F4A-AD58-4A9B-97EB-A5395FC94137}.Debug|Any CPU.ActiveCfg = Debug|Any CPU
		{7B2F3F4A-AD58-4A9B-97EB-A5395FC94137}.Debug|Any CPU.Build.0 = Debug|Any CPU
		{7B2F3F4A-AD58-4A9B-97EB-A5395FC94137}.Debug|x64.ActiveCfg = Debug|Any CPU
		{7B2F3F4A-AD58-4A9B-97EB-A5395FC94137}.Debug|x64.Build.0 = Debug|Any CPU
		{7B2F3F4A-AD58-4A9B-97EB-A5395FC94137}.Debug|x86.ActiveCfg = Debug|Any CPU
		{7B2F3F4A-AD58-4A9B-97EB-A5395FC94137}.Debug|x86.Build.0 = Debug|Any CPU
		{7B2F3F4A-AD58-4A9B-97EB-A5395FC94137}.Release|Any CPU.ActiveCfg = Release|Any CPU
		{7B2F3F4A-AD58-4A9B-97EB-A5395FC94137}.Release|Any CPU.Build.0 = Release|Any CPU
		{7B2F3F4A-AD58-4A9B-97EB-A5395FC94137}.Release|x64.ActiveCfg = Release|Any CPU
		{7B2F3F4A-AD58-4A9B-97EB-A5395FC94137}.Release|x64.Build.0 = Release|Any CPU
		{7B2F3F4A-AD58-4A9B-97EB-A5395FC94137}.Release|x86.ActiveCfg = Release|Any CPU
		{7B2F3F4A-AD58-4A9B-97EB-A5395FC94137}.Release|x86.Build.0 = Release|Any CPU
	EndGlobalSection
	GlobalSection(SolutionProperties) = preSolution
		HideSolutionNode = FALSE
	EndGlobalSection
	GlobalSection(NestedProjects) = preSolution
		{3F8D80E3-7E85-4EFC-B1B3-AC94B1F35346} = {827E0CD3-B72D-47B6-A68D-7590B98EB39B}
		{FF3E7AEA-DFDF-4E6C-927C-361E8D41077B} = {827E0CD3-B72D-47B6-A68D-7590B98EB39B}
		{A8461F9E-812F-4618-91AA-7076BFCEF6B3} = {827E0CD3-B72D-47B6-A68D-7590B98EB39B}
		{CB404450-315A-49CF-89B4-3FD8236F52C7} = {827E0CD3-B72D-47B6-A68D-7590B98EB39B}
		{47237072-CCB5-44D3-A205-330876387EC1} = {827E0CD3-B72D-47B6-A68D-7590B98EB39B}
		{3CDF175C-B17C-4185-95B4-66B575B9D5C0} = {827E0CD3-B72D-47B6-A68D-7590B98EB39B}
		{D6481A5B-FD84-4819-A8A7-D320C7791DB1} = {827E0CD3-B72D-47B6-A68D-7590B98EB39B}
		{CAC02448-97A5-4A51-BCD8-0E5E04F3A687} = {0AB3BF05-4346-4AA6-1389-037BE0695223}
		{7B2F3F4A-AD58-4A9B-97EB-A5395FC94137} = {827E0CD3-B72D-47B6-A68D-7590B98EB39B}
	EndGlobalSection
EndGlobal
